
Microsoft Visual Studio Solution File, Format Version 12.00
# Visual Studio Version 17
VisualStudioVersion = 17.10.34916.146
MinimumVisualStudioVersion = 10.0.40219.1
Project("{FAE04EC0-301F-11D3-BF4B-00C04F79EFBC}") = "ProgettoML", "ProgettoML.csproj", "{EC60E18F-F20D-4F35-903D-AA2527B3E300}"
EndProject
Project("{9A19103F-16F7-4668-BE54-9A1E7A4F7556}") = "MLModel1_ConsoleApp1", "..\MLModel1_ConsoleApp1\MLModel1_ConsoleApp1.csproj", "{04212E50-DD41-4A15-B0E7-3210558BE8B6}"
EndProject
Global
	GlobalSection(SolutionConfigurationPlatforms) = preSolution
		Debug|Any CPU = Debug|Any CPU
		Release|Any CPU = Release|Any CPU
	EndGlobalSection
	GlobalSection(ProjectConfigurationPlatforms) = postSolution
		{EC60E18F-F20D-4F35-903D-AA2527B3E300}.Debug|Any CPU.ActiveCfg = Debug|Any CPU
		{EC60E18F-F20D-4F35-903D-AA2527B3E300}.Debug|Any CPU.Build.0 = Debug|Any CPU
		{EC60E18F-F20D-4F35-903D-AA2527B3E300}.Release|Any CPU.ActiveCfg = Release|Any CPU
		{EC60E18F-F20D-4F35-903D-AA2527B3E300}.Release|Any CPU.Build.0 = Release|Any CPU
		{04212E50-DD41-4A15-B0E7-3210558BE8B6}.Debug|Any CPU.ActiveCfg = Debug|Any CPU
		{04212E50-DD41-4A15-B0E7-3210558BE8B6}.Debug|Any CPU.Build.0 = Debug|Any CPU
		{04212E50-DD41-4A15-B0E7-3210558BE8B6}.Release|Any CPU.ActiveCfg = Release|Any CPU
		{04212E50-DD41-4A15-B0E7-3210558BE8B6}.Release|Any CPU.Build.0 = Release|Any CPU
	EndGlobalSection
	GlobalSection(SolutionProperties) = preSolution
		HideSolutionNode = FALSE
	EndGlobalSection
	GlobalSection(ExtensibilityGlobals) = postSolution
		SolutionGuid = {6CC5D32F-4B7E-4B7F-86E1-25C92D46D7D0}
	EndGlobalSection
EndGlobal
